{
  "name": "browser-test",
  "version": "1.0.0",
  "lockfileVersion": 3,
  "requires": true,
  "packages": {
    "": {
      "name": "browser-test",
      "version": "1.0.0",
      "dependencies": {
        "pkce-challenge": "file:.."
      }
    },
    "..": {
      "version": "5.0.1",
      "license": "MIT",
      "devDependencies": {
        "@types/jest": "^29.5.0",
        "@types/node": "^18.15.11",
        "cypress": "^15.9.0",
        "diverge": "^1.0.2",
        "esbuild": "^0.25.2",
        "http-server": "^14.1.1",
        "jest": "^29.5.0",
        "typescript": "^5.0.3"
      },
      "engines": {
        "node": ">=16.20.0"
      }
    },
    "node_modules/pkce-challenge": {
      "resolved": "..",
      "link": true
    }
  }
}
